Microsoft Visual Studio Solution File, Format Version 11.00
# Visual Studio 2008

Project("{6D5A4F86-D45E-3918-5CC2-15287C25667E}") = "SuperSpartyBros_MEU", "Assembly-CSharp.csproj", "{3CA9B979-DB67-8022-0418-E9649837A2FB}"
EndProject
Global
	GlobalSection(SolutionConfigurationPlatforms) = preSolution
		Debug|Any CPU = Debug|Any CPU
		Release|Any CPU = Release|Any CPU
	EndGlobalSection
	GlobalSection(ProjectConfigurationPlatforms) = postSolution
		{3CA9B979-DB67-8022-0418-E9649837A2FB}.Debug|Any CPU.ActiveCfg = Debug|Any CPU
		{3CA9B979-DB67-8022-0418-E9649837A2FB}.Debug|Any CPU.Build.0 = Debug|Any CPU
		{3CA9B979-DB67-8022-0418-E9649837A2FB}.Release|Any CPU.ActiveCfg = Release|Any CPU
		{3CA9B979-DB67-8022-0418-E9649837A2FB}.Release|Any CPU.Build.0 = Release|Any CPU
	EndGlobalSection
	GlobalSection(SolutionProperties) = preSolution
		HideSolutionNode = FALSE
	EndGlobalSection
	GlobalSection(MonoDevelopProperties) = preSolution
		StartupItem = Assembly-CSharp.csproj
	EndGlobalSection
EndGlobal
